
Microsoft Visual Studio Solution File, Format Version 12.00
# Visual Studio Version 17
VisualStudioVersion = 17.2.32616.157
MinimumVisualStudioVersion = 10.0.40219.1
Project("{9A19103F-16F7-4668-BE54-9A1E7A4F7556}") = "zadaniya", "zadaniya.csproj", "{DEF0AB62-2443-483A-B77E-CE1EA5233C64}"
EndProject
Global
	GlobalSection(SolutionConfigurationPlatforms) = preSolution
		Debug|Any CPU = Debug|Any CPU
		Release|Any CPU = Release|Any CPU
	EndGlobalSection
	GlobalSection(ProjectConfigurationPlatforms) = postSolution
		{DEF0AB62-2443-483A-B77E-CE1EA5233C64}.Debug|Any CPU.ActiveCfg = Debug|Any CPU
		{DEF0AB62-2443-483A-B77E-CE1EA5233C64}.Debug|Any CPU.Build.0 = Debug|Any CPU
		{DEF0AB62-2443-483A-B77E-CE1EA5233C64}.Release|Any CPU.ActiveCfg = Release|Any CPU
		{DEF0AB62-2443-483A-B77E-CE1EA5233C64}.Release|Any CPU.Build.0 = Release|Any CPU
	EndGlobalSection
	GlobalSection(SolutionProperties) = preSolution
		HideSolutionNode = FALSE
	EndGlobalSection
	GlobalSection(ExtensibilityGlobals) = postSolution
		SolutionGuid = {CC6B5745-549D-46F0-ABF1-4F2B78F1F56E}
	EndGlobalSection
EndGlobal
